
Microsoft Visual Studio Solution File, Format Version 12.00
# Visual Studio Version 17
VisualStudioVersion = 17.13.35825.156
MinimumVisualStudioVersion = 10.0.40219.1
Project("{8BC9CEB8-8B4A-11D0-8D11-00A0C91BC942}") = "Lecture05", "Lecture05\Lecture05.vcxproj", "{D3AEFD2D-34E7-46A1-BD92-C567AEE4C1EE}"
EndProject
Project("{8BC9CEB8-8B4A-11D0-8D11-00A0C91BC942}") = "Lecture05-2", "Lecture05-2\Lecture05-2.vcxproj", "{3C413114-6A59-4992-84A3-F0A3249506DA}"
EndProject
Global
	GlobalSection(SolutionConfigurationPlatforms) = preSolution
		Debug|x64 = Debug|x64
		Debug|x86 = Debug|x86
		Release|x64 = Release|x64
		Release|x86 = Release|x86
	EndGlobalSection
	GlobalSection(ProjectConfigurationPlatforms) = postSolution
		{D3AEFD2D-34E7-46A1-BD92-C567AEE4C1EE}.Debug|x64.ActiveCfg = Debug|x64
		{D3AEFD2D-34E7-46A1-BD92-C567AEE4C1EE}.Debug|x64.Build.0 = Debug|x64
		{D3AEFD2D-34E7-46A1-BD92-C567AEE4C1EE}.Debug|x86.ActiveCfg = Debug|Win32
		{D3AEFD2D-34E7-46A1-BD92-C567AEE4C1EE}.Debug|x86.Build.0 = Debug|Win32
		{D3AEFD2D-34E7-46A1-BD92-C567AEE4C1EE}.Release|x64.ActiveCfg = Release|x64
		{D3AEFD2D-34E7-46A1-BD92-C567AEE4C1EE}.Release|x64.Build.0 = Release|x64
		{D3AEFD2D-34E7-46A1-BD92-C567AEE4C1EE}.Release|x86.ActiveCfg = Release|Win32
		{D3AEFD2D-34E7-46A1-BD92-C567AEE4C1EE}.Release|x86.Build.0 = Release|Win32
		{3C413114-6A59-4992-84A3-F0A3249506DA}.Debug|x64.ActiveCfg = Debug|x64
		{3C413114-6A59-4992-84A3-F0A3249506DA}.Debug|x64.Build.0 = Debug|x64
		{3C413114-6A59-4992-84A3-F0A3249506DA}.Debug|x86.ActiveCfg = Debug|Win32
		{3C413114-6A59-4992-84A3-F0A3249506DA}.Debug|x86.Build.0 = Debug|Win32
		{3C413114-6A59-4992-84A3-F0A3249506DA}.Release|x64.ActiveCfg = Release|x64
		{3C413114-6A59-4992-84A3-F0A3249506DA}.Release|x64.Build.0 = Release|x64
		{3C413114-6A59-4992-84A3-F0A3249506DA}.Release|x86.ActiveCfg = Release|Win32
		{3C413114-6A59-4992-84A3-F0A3249506DA}.Release|x86.Build.0 = Release|Win32
	EndGlobalSection
	GlobalSection(SolutionProperties) = preSolution
		HideSolutionNode = FALSE
	EndGlobalSection
	GlobalSection(ExtensibilityGlobals) = postSolution
		SolutionGuid = {D863D721-B3D1-481D-B9C1-E72578C2E819}
	EndGlobalSection
EndGlobal
